// !$*UTF8*$!
{
	archiveVersion = 1;
	classes = {
	};
	objectVersion = 46;
	objects = {

/* Begin PBXBuildFile section */
		B0500EF41FA018310073EBB1 /* AppDelegate.swift in Sources */ = {isa = PBXBuildFile; fileRef = B0500EF31FA018310073EBB1 /* AppDelegate.swift */; };
		B0500EF61FA018310073EBB1 /* ViewController.swift in Sources */ = {isa = PBXBuildFile; fileRef = B0500EF51FA018310073EBB1 /* ViewController.swift */; };
		B0500EF91FA018310073EBB1 /* Main.storyboard in Resources */ = {isa = PBXBuildFile; fileRef = B0500EF71FA018310073EBB1 /* Main.storyboard */; };
		B0500EFB1FA018310073EBB1 /* Assets.xcassets in Resources */ = {isa = PBXBuildFile; fileRef = B0500EFA1FA018310073EBB1 /* Assets.xcassets */; };
		B0500EFE1FA018310073EBB1 /* LaunchScreen.storyboard in Resources */ = {isa = PBXBuildFile; fileRef = B0500EFC1FA018310073EBB1 /* LaunchScreen.storyboard */; };
		B0500F091FA018310073EBB1 /* test2Tests.swift in Sources */ = {isa = PBXBuildFile; fileRef = B0500F081FA018310073EBB1 /* test2Tests.swift */; };
		B0500F141FA018310073EBB1 /* test2UITests.swift in Sources */ = {isa = PBXBuildFile; fileRef = B0500F131FA018310073EBB1 /* test2UITests.swift */; };
/* End PBXBuildFile section */

/* Begin PBXContainerItemProxy section */
		B0500F051FA018310073EBB1 /* PBXContainerItemProxy */ = {
			isa = PBXContainerItemProxy;
			containerPortal = B0500EE81FA018310073EBB1 /* Project object */;
			proxyType = 1;
			remoteGlobalIDString = B0500EEF1FA018310073EBB1;
			remoteInfo = test2;
		};
		B0500F101FA018310073EBB1 /* PBXContainerItemProxy */ = {
			isa = PBXContainerItemProxy;
			containerPortal = B0500EE81FA018310073EBB1 /* Project object */;
			proxyType = 1;
			remoteGlobalIDString = B0500EEF1FA018310073EBB1;
			remoteInfo = test2;
		};
/* End PBXContainerItemProxy section */

/* Begin PBXFileReference section */
		B0500EF01FA018310073EBB1 /* test2.app */ = {isa = PBXFileReference; explicitFileType = wrapper.application; includeInIndex = 0; path = test2.app; sourceTree = BUILT_PRODUCTS_DIR; };
		B0500EF31FA018310073EBB1 /* AppDelegate.swift */ = {isa = PBXFileReference; lastKnownFileType = sourcecode.swift; path = AppDelegate.swift; sourceTree = "<group>"; };
		B0500EF51FA018310073EBB1 /* ViewController.swift */ = {isa = PBXFileReference; lastKnownFileType = sourcecode.swift; path = ViewController.swift; sourceTree = "<group>"; };
		B0500EF81FA018310073EBB1 /* Base */ = {isa = PBXFileReference; lastKnownFileType = file.storyboard; name = Base; path = Base.lproj/Main.storyboard; sourceTree = "<group>"; };
		B0500EFA1FA018310073EBB1 /* Assets.xcassets */ = {isa = PBXFileReference; lastKnownFileType = folder.assetcatalog; path = Assets.xcassets; sourceTree = "<group>"; };
		B0500EFD1FA018310073EBB1 /* Base */ = {isa = PBXFileReference; lastKnownFileType = file.storyboard; name = Base; path = Base.lproj/LaunchScreen.storyboard; sourceTree = "<group>"; };
		B0500EFF1FA018310073EBB1 /* Info.plist */ = {isa = PBXFileReference; lastKnownFileType = text.plist.xml; path = Info.plist; sourceTree = "<group>"; };
		B0500F041FA018310073EBB1 /* test2Tests.xctest */ = {isa = PBXFileReference; explicitFileType = wrapper.cfbundle; includeInIndex = 0; path = test2Tests.xctest; sourceTree = BUILT_PRODUCTS_DIR; };
		B0500F081FA018310073EBB1 /* test2Tests.swift */ = {isa = PBXFileReference; lastKnownFileType = sourcecode.swift; path = test2Tests.swift; sourceTree = "<group>"; };
		B0500F0A1FA018310073EBB1 /* Info.plist */ = {isa = PBXFileReference; lastKnownFileType = text.plist.xml; path = Info.plist; sourceTree = "<group>"; };
		B0500F0F1FA018310073EBB1 /* test2UITests.xctest */ = {isa = PBXFileReference; explicitFileType = wrapper.cfbundle; includeInIndex = 0; path = test2UITests.xctest; sourceTree = BUILT_PRODUCTS_DIR; };
		B0500F131FA018310073EBB1 /* test2UITests.swift */ = {isa = PBXFileReference; lastKnownFileType = sourcecode.swift; path = test2UITests.swift; sourceTree = "<group>"; };
		B0500F151FA018310073EBB1 /* Info.plist */ = {isa = PBXFileReference; lastKnownFileType = text.plist.xml; path = Info.plist; sourceTree = "<group>"; };
/* End PBXFileReference section */

/* Begin PBXFrameworksBuildPhase section */
		B0500EED1FA018310073EBB1 /* Frameworks */ = {
			isa = PBXFrameworksBuildPhase;
			buildActionMask = 2147483647;
			files = (
			);
			runOnlyForDeploymentPostprocessing = 0;
		};
		B0500F011FA018310073EBB1 /* Frameworks */ = {
			isa = PBXFrameworksBuildPhase;
			buildActionMask = 2147483647;
			files = (
			);
			runOnlyForDeploymentPostprocessing = 0;
		};
		B0500F0C1FA018310073EBB1 /* Frameworks */ = {
			isa = PBXFrameworksBuildPhase;
			buildActionMask = 2147483647;
			files = (
			);
			runOnlyForDeploymentPostprocessing = 0;
		};
/* End PBXFrameworksBuildPhase section */

/* Begin PBXGroup section */
		B0500EE71FA018310073EBB1 = {
			isa = PBXGroup;
			children = (
				B0500EF21FA018310073EBB1 /* test2 */,
				B0500F071FA018310073EBB1 /* test2Tests */,
				B0500F121FA018310073EBB1 /* test2UITests */,
				B0500EF11FA018310073EBB1 /* Products */,
			);
			sourceTree = "<group>";
		};
		B0500EF11FA018310073EBB1 /* Products */ = {
			isa = PBXGroup;
			children = (
				B0500EF01FA018310073EBB1 /* test2.app */,
				B0500F041FA018310073EBB1 /* test2Tests.xctest */,
				B0500F0F1FA018310073EBB1 /* test2UITests.xctest */,
			);
			name = Products;
			sourceTree = "<group>";
		};
		B0500EF21FA018310073EBB1 /* test2 */ = {
			isa = PBXGroup;
			children = (
				B0500EF31FA018310073EBB1 /* AppDelegate.swift */,
				B0500EF51FA018310073EBB1 /* ViewController.swift */,
				B0500EF71FA018310073EBB1 /* Main.storyboard */,
				B0500EFA1FA018310073EBB1 /* Assets.xcassets */,
				B0500EFC1FA018310073EBB1 /* LaunchScreen.storyboard */,
				B0500EFF1FA018310073EBB1 /* Info.plist */,
			);
			path = test2;
			sourceTree = "<group>";
		};
		B0500F071FA018310073EBB1 /* test2Tests */ = {
			isa = PBXGroup;
			children = (
				B0500F081FA018310073EBB1 /* test2Tests.swift */,
				B0500F0A1FA018310073EBB1 /* Info.plist */,
			);
			path = test2Tests;
			sourceTree = "<group>";
		};
		B0500F121FA018310073EBB1 /* test2UITests */ = {
			isa = PBXGroup;
			children = (
				B0500F131FA018310073EBB1 /* test2UITests.swift */,
				B0500F151FA018310073EBB1 /* Info.plist */,
			);
			path = test2UITests;
			sourceTree = "<group>";
		};
/* End PBXGroup section */

/* Begin PBXNativeTarget section */
		B0500EEF1FA018310073EBB1 /* test2 */ = {
			isa = PBXNativeTarget;
			buildConfigurationList = B0500F181FA018310073EBB1 /* Build configuration list for PBXNativeTarget "test2" */;
			buildPhases = (
				B0500EEC1FA018310073EBB1 /* Sources */,
				B0500EED1FA018310073EBB1 /* Frameworks */,
				B0500EEE1FA018310073EBB1 /* Resources */,
			);
			buildRules = (
			);
			dependencies = (
			);
			name = test2;
			productName = test2;
			productReference = B0500EF01FA018310073EBB1 /* test2.app */;
			productType = "com.apple.product-type.application";
		};
		B0500F031FA018310073EBB1 /* test2Tests */ = {
			isa = PBXNativeTarget;
			buildConfigurationList = B0500F1B1FA018310073EBB1 /* Build configuration list for PBXNativeTarget "test2Tests" */;
			buildPhases = (
				B0500F001FA018310073EBB1 /* Sources */,
				B0500F011FA018310073EBB1 /* Frameworks */,
				B0500F021FA018310073EBB1 /* Resources */,
			);
			buildRules = (
			);
			dependencies = (
				B0500F061FA018310073EBB1 /* PBXTargetDependency */,
			);
			name = test2Tests;
			productName = test2Tests;
			productReference = B0500F041FA018310073EBB1 /* test2Tests.xctest */;
			productType = "com.apple.product-type.bundle.unit-test";
		};
		B0500F0E1FA018310073EBB1 /* test2UITests */ = {
			isa = PBXNativeTarget;
			buildConfigurationList = B0500F1E1FA018310073EBB1 /* Build configuration list for PBXNativeTarget "test2UITests" */;
			buildPhases = (
				B0500F0B1FA018310073EBB1 /* Sources */,
				B0500F0C1FA018310073EBB1 /* Frameworks */,
				B0500F0D1FA018310073EBB1 /* Resources */,
			);
			buildRules = (
			);
			dependencies = (
				B0500F111FA018310073EBB1 /* PBXTargetDependency */,
			);
			name = test2UITests;
			productName = test2UITests;
			productReference = B0500F0F1FA018310073EBB1 /* test2UITests.xctest */;
			productType = "com.apple.product-type.bundle.ui-testing";
		};
/* End PBXNativeTarget section */

/* Begin PBXProject section */
		B0500EE81FA018310073EBB1 /* Project object */ = {
			isa = PBXProject;
			attributes = {
				LastSwiftUpdateCheck = 0830;
				LastUpgradeCheck = 0830;
				ORGANIZATIONNAME = stevenbi;
				TargetAttributes = {
					B0500EEF1FA018310073EBB1 = {
						CreatedOnToolsVersion = 8.3.3;
						ProvisioningStyle = Automatic;
					};
					B0500F031FA018310073EBB1 = {
						CreatedOnToolsVersion = 8.3.3;
						ProvisioningStyle = Automatic;
						TestTargetID = B0500EEF1FA018310073EBB1;
					};
					B0500F0E1FA018310073EBB1 = {
						CreatedOnToolsVersion = 8.3.3;
						ProvisioningStyle = Automatic;
						TestTargetID = B0500EEF1FA018310073EBB1;
					};
				};
			};
			buildConfigurationList = B0500EEB1FA018310073EBB1 /* Build configuration list for PBXProject "test2" */;
			compatibilityVersion = "Xcode 3.2";
			developmentRegion = English;
			hasScannedForEncodings = 0;
			knownRegions = (
				en,
				Base,
			);
			mainGroup = B0500EE71FA018310073EBB1;
			productRefGroup = B0500EF11FA018310073EBB1 /* Products */;
			projectDirPath = "";
			projectRoot = "";
			targets = (
				B0500EEF1FA018310073EBB1 /* test2 */,
				B0500F031FA018310073EBB1 /* test2Tests */,
				B0500F0E1FA018310073EBB1 /* test2UITests */,
			);
		};
/* End PBXProject section */

/* Begin PBXResourcesBuildPhase section */
		B0500EEE1FA018310073EBB1 /* Resources */ = {
			isa = PBXResourcesBuildPhase;
			buildActionMask = 2147483647;
			files = (
				B0500EFE1FA018310073EBB1 /* LaunchScreen.storyboard in Resources */,
				B0500EFB1FA018310073EBB1 /* Assets.xcassets in Resources */,
				B0500EF91FA018310073EBB1 /* Main.storyboard in Resources */,
			);
			runOnlyForDeploymentPostprocessing = 0;
		};
		B0500F021FA018310073EBB1 /* Resources */ = {
			isa = PBXResourcesBuildPhase;
			buildActionMask = 2147483647;
			files = (
			);
			runOnlyForDeploymentPostprocessing = 0;
		};
		B0500F0D1FA018310073EBB1 /* Resources */ = {
			isa = PBXResourcesBuildPhase;
			buildActionMask = 2147483647;
			files = (
			);
			runOnlyForDeploymentPostprocessing = 0;
		};
/* End PBXResourcesBuildPhase section */

/* Begin PBXSourcesBuildPhase section */
		B0500EEC1FA018310073EBB1 /* Sources */ = {
			isa = PBXSourcesBuildPhase;
			buildActionMask = 2147483647;
			files = (
				B0500EF61FA018310073EBB1 /* ViewController.swift in Sources */,
				B0500EF41FA018310073EBB1 /* AppDelegate.swift in Sources */,
			);
			runOnlyForDeploymentPostprocessing = 0;
		};
		B0500F001FA018310073EBB1 /* Sources */ = {
			isa = PBXSourcesBuildPhase;
			buildActionMask = 2147483647;
			files = (
				B0500F091FA018310073EBB1 /* test2Tests.swift in Sources */,
			);
			runOnlyForDeploymentPostprocessing = 0;
		};
		B0500F0B1FA018310073EBB1 /* Sources */ = {
			isa = PBXSourcesBuildPhase;
			buildActionMask = 2147483647;
			files = (
				B0500F141FA018310073EBB1 /* test2UITests.swift in Sources */,
			);
			runOnlyForDeploymentPostprocessing = 0;
		};
/* End PBXSourcesBuildPhase section */

/* Begin PBXTargetDependency section */
		B0500F061FA018310073EBB1 /* PBXTargetDependency */ = {
			isa = PBXTargetDependency;
			target = B0500EEF1FA018310073EBB1 /* test2 */;
			targetProxy = B0500F051FA018310073EBB1 /* PBXContainerItemProxy */;
		};
		B0500F111FA018310073EBB1 /* PBXTargetDependency */ = {
			isa = PBXTargetDependency;
			target = B0500EEF1FA018310073EBB1 /* test2 */;
			targetProxy = B0500F101FA018310073EBB1 /* PBXContainerItemProxy */;
		};
/* End PBXTargetDependency section */

/* Begin PBXVariantGroup section */
		B0500EF71FA018310073EBB1 /* Main.storyboard */ = {
			isa = PBXVariantGroup;
			children = (
				B0500EF81FA018310073EBB1 /* Base */,
			);
			name = Main.storyboard;
			sourceTree = "<group>";
		};
		B0500EFC1FA018310073EBB1 /* LaunchScreen.storyboard */ = {
			isa = PBXVariantGroup;
			children = (
				B0500EFD1FA018310073EBB1 /* Base */,
			);
			name = LaunchScreen.storyboard;
			sourceTree = "<group>";
		};
/* End PBXVariantGroup section */

/* Begin XCBuildConfiguration section */
		B0500F161FA018310073EBB1 /* Debug */ = {
			isa = XCBuildConfiguration;
			buildSettings = {
				ALWAYS_SEARCH_USER_PATHS = NO;
				CLANG_ANALYZER_NONNULL = YES;
				CLANG_ANALYZER_NUMBER_OBJECT_CONVERSION = YES_AGGRESSIVE;
				CLANG_CXX_LANGUAGE_STANDARD = "gnu++0x";
				CLANG_CXX_LIBRARY = "libc++";
				CLANG_ENABLE_MODULES = YES;
				CLANG_ENABLE_OBJC_ARC = YES;
				CLANG_WARN_BOOL_CONVERSION = YES;
				CLANG_WARN_CONSTANT_CONVERSION = YES;
				CLANG_WARN_DIRECT_OBJC_ISA_USAGE = YES_ERROR;
				CLANG_WARN_DOCUMENTATION_COMMENTS = YES;
				CLANG_WARN_EMPTY_BODY = YES;
				CLANG_WARN_ENUM_CONVERSION = YES;
				CLANG_WARN_INFINITE_RECURSION = YES;
				CLANG_WARN_INT_CONVERSION = YES;
				CLANG_WARN_OBJC_ROOT_CLASS = YES_ERROR;
				CLANG_WARN_SUSPICIOUS_MOVE = YES;
				CLANG_WARN_UNREACHABLE_CODE = YES;
				CLANG_WARN__DUPLICATE_METHOD_MATCH = YES;
				"CODE_SIGN_IDENTITY[sdk=iphoneos*]" = "iPhone Developer";
				COPY_PHASE_STRIP = NO;
				DEBUG_INFORMATION_FORMAT = dwarf;
				ENABLE_STRICT_OBJC_MSGSEND = YES;
				ENABLE_TESTABILITY = YES;
				GCC_C_LANGUAGE_STANDARD = gnu99;
				GCC_DYNAMIC_NO_PIC = NO;
				GCC_NO_COMMON_BLOCKS = YES;
				GCC_OPTIMIZATION_LEVEL = 0;
				GCC_PREPROCESSOR_DEFINITIONS = (
					"DEBUG=1",
					"$(inherited)",
				);
				GCC_WARN_64_TO_32_BIT_CONVERSION = YES;
				GCC_WARN_ABOUT_RETURN_TYPE = YES_ERROR;
				GCC_WARN_UNDECLARED_SELECTOR = YES;
				GCC_WARN_UNINITIALIZED_AUTOS = YES_AGGRESSIVE;
				GCC_WARN_UNUSED_FUNCTION = YES;
				GCC_WARN_UNUSED_VARIABLE = YES;
				IPHONEOS_DEPLOYMENT_TARGET = 10.3;
				MTL_ENABLE_DEBUG_INFO = YES;
				ONLY_ACTIVE_ARCH = YES;
				SDKROOT = iphoneos;
				SWIFT_ACTIVE_COMPILATION_CONDITIONS = DEBUG;
				SWIFT_OPTIMIZATION_LEVEL = "-Onone";
				TARGETED_DEVICE_FAMILY = "1,2";
			};
			name = Debug;
		};
		B0500F171FA018310073EBB1 /* Release */ = {
			isa = XCBuildConfiguration;
			buildSettings = {
				ALWAYS_SEARCH_USER_PATHS = NO;
				CLANG_ANALYZER_NONNULL = YES;
				CLANG_ANALYZER_NUMBER_OBJECT_CONVERSION = YES_AGGRESSIVE;
				CLANG_CXX_LANGUAGE_STANDARD = "gnu++0x";
				CLANG_CXX_LIBRARY = "libc++";
				CLANG_ENABLE_MODULES = YES;
				CLANG_ENABLE_OBJC_ARC = YES;
				CLANG_WARN_BOOL_CONVERSION = YES;
				CLANG_WARN_CONSTANT_CONVERSION = YES;
				CLANG_WARN_DIRECT_OBJC_ISA_USAGE = YES_ERROR;
				CLANG_WARN_DOCUMENTATION_COMMENTS = YES;
				CLANG_WARN_EMPTY_BODY = YES;
				CLANG_WARN_ENUM_CONVERSION = YES;
				CLANG_WARN_INFINITE_RECURSION = YES;
				CLANG_WARN_INT_CONVERSION = YES;
				CLANG_WARN_OBJC_ROOT_CLASS = YES_ERROR;
				CLANG_WARN_SUSPICIOUS_MOVE = YES;
				CLANG_WARN_UNREACHABLE_CODE = YES;
				CLANG_WARN__DUPLICATE_METHOD_MATCH = YES;
				"CODE_SIGN_IDENTITY[sdk=iphoneos*]" = "iPhone Developer";
				COPY_PHASE_STRIP = NO;
				DEBUG_INFORMATION_FORMAT = "dwarf-with-dsym";
				ENABLE_NS_ASSERTIONS = NO;
				ENABLE_STRICT_OBJC_MSGSEND = YES;
				GCC_C_LANGUAGE_STANDARD = gnu99;
				GCC_NO_COMMON_BLOCKS = YES;
				GCC_WARN_64_TO_32_BIT_CONVERSION = YES;
				GCC_WARN_ABOUT_RETURN_TYPE = YES_ERROR;
				GCC_WARN_UNDECLARED_SELECTOR = YES;
				GCC_WARN_UNINITIALIZED_AUTOS = YES_AGGRESSIVE;
				GCC_WARN_UNUSED_FUNCTION = YES;
				GCC_WARN_UNUSED_VARIABLE = YES;
				IPHONEOS_DEPLOYMENT_TARGET = 10.3;
				MTL_ENABLE_DEBUG_INFO = NO;
				SDKROOT = iphoneos;
				SWIFT_OPTIMIZATION_LEVEL = "-Owholemodule";
				TARGETED_DEVICE_FAMILY = "1,2";
				VALIDATE_PRODUCT = YES;
			};
			name = Release;
		};
		B0500F191FA018310073EBB1 /* Debug */ = {
			isa = XCBuildConfiguration;
			buildSettings = {
				ASSETCATALOG_COMPILER_APPICON_NAME = AppIcon;
				INFOPLIST_FILE = test2/Info.plist;
				LD_RUNPATH_SEARCH_PATHS = "$(inherited) @executable_path/Frameworks";
				PRODUCT_BUNDLE_IDENTIFIER = sab.test2;
				PRODUCT_NAME = "$(TARGET_NAME)";
				SWIFT_VERSION = 3.0;
			};
			name = Debug;
		};
		B0500F1A1FA018310073EBB1 /* Release */ = {
			isa = XCBuildConfiguration;
			buildSettings = {
				ASSETCATALOG_COMPILER_APPICON_NAME = AppIcon;
				INFOPLIST_FILE = test2/Info.plist;
				LD_RUNPATH_SEARCH_PATHS = "$(inherited) @executable_path/Frameworks";
				PRODUCT_BUNDLE_IDENTIFIER = sab.test2;
				PRODUCT_NAME = "$(TARGET_NAME)";
				SWIFT_VERSION = 3.0;
			};
			name = Release;
		};
		B0500F1C1FA018310073EBB1 /* Debug */ = {
			isa = XCBuildConfiguration;
			buildSettings = {
				ALWAYS_EMBED_SWIFT_STANDARD_LIBRARIES = YES;
				BUNDLE_LOADER = "$(TEST_HOST)";
				INFOPLIST_FILE = test2Tests/Info.plist;
				LD_RUNPATH_SEARCH_PATHS = "$(inherited) @executable_path/Frameworks @loader_path/Frameworks";
				PRODUCT_BUNDLE_IDENTIFIER = sab.test2Tests;
				PRODUCT_NAME = "$(TARGET_NAME)";
				SWIFT_VERSION = 3.0;
				TEST_HOST = "$(BUILT_PRODUCTS_DIR)/test2.app/test2";
			};
			name = Debug;
		};
		B0500F1D1FA018310073EBB1 /* Release */ = {
			isa = XCBuildConfiguration;
			buildSettings = {
				ALWAYS_EMBED_SWIFT_STANDARD_LIBRARIES = YES;
				BUNDLE_LOADER = "$(TEST_HOST)";
				INFOPLIST_FILE = test2Tests/Info.plist;
				LD_RUNPATH_SEARCH_PATHS = "$(inherited) @executable_path/Frameworks @loader_path/Frameworks";
				PRODUCT_BUNDLE_IDENTIFIER = sab.test2Tests;
				PRODUCT_NAME = "$(TARGET_NAME)";
				SWIFT_VERSION = 3.0;
				TEST_HOST = "$(BUILT_PRODUCTS_DIR)/test2.app/test2";
			};
			name = Release;
		};
		B0500F1F1FA018310073EBB1 /* Debug */ = {
			isa = XCBuildConfiguration;
			buildSettings = {
				ALWAYS_EMBED_SWIFT_STANDARD_LIBRARIES = YES;
				INFOPLIST_FILE = test2UITests/Info.plist;
				LD_RUNPATH_SEARCH_PATHS = "$(inherited) @executable_path/Frameworks @loader_path/Frameworks";
				PRODUCT_BUNDLE_IDENTIFIER = sab.test2UITests;
				PRODUCT_NAME = "$(TARGET_NAME)";
				SWIFT_VERSION = 3.0;
				TEST_TARGET_NAME = test2;
			};
			name = Debug;
		};
		B0500F201FA018310073EBB1 /* Release */ = {
			isa = XCBuildConfiguration;
			buildSettings = {
				ALWAYS_EMBED_SWIFT_STANDARD_LIBRARIES = YES;
				INFOPLIST_FILE = test2UITests/Info.plist;
				LD_RUNPATH_SEARCH_PATHS = "$(inherited) @executable_path/Frameworks @loader_path/Frameworks";
				PRODUCT_BUNDLE_IDENTIFIER = sab.test2UITests;
				PRODUCT_NAME = "$(TARGET_NAME)";
				SWIFT_VERSION = 3.0;
				TEST_TARGET_NAME = test2;
			};
			name = Release;
		};
/* End XCBuildConfiguration section */

/* Begin XCConfigurationList section */
		B0500EEB1FA018310073EBB1 /* Build configuration list for PBXProject "test2" */ = {
			isa = XCConfigurationList;
			buildConfigurations = (
				B0500F161FA018310073EBB1 /* Debug */,
				B0500F171FA018310073EBB1 /* Release */,
			);
			defaultConfigurationIsVisible = 0;
			defaultConfigurationName = Release;
		};
		B0500F181FA018310073EBB1 /* Build configuration list for PBXNativeTarget "test2" */ = {
			isa = XCConfigurationList;
			buildConfigurations = (
				B0500F191FA018310073EBB1 /* Debug */,
				B0500F1A1FA018310073EBB1 /* Release */,
			);
			defaultConfigurationIsVisible = 0;
		};
		B0500F1B1FA018310073EBB1 /* Build configuration list for PBXNativeTarget "test2Tests" */ = {
			isa = XCConfigurationList;
			buildConfigurations = (
				B0500F1C1FA018310073EBB1 /* Debug */,
				B0500F1D1FA018310073EBB1 /* Release */,
			);
			defaultConfigurationIsVisible = 0;
		};
		B0500F1E1FA018310073EBB1 /* Build configuration list for PBXNativeTarget "test2UITests" */ = {
			isa = XCConfigurationList;
			buildConfigurations = (
				B0500F1F1FA018310073EBB1 /* Debug */,
				B0500F201FA018310073EBB1 /* Release */,
			);
			defaultConfigurationIsVisible = 0;
		};
/* End XCConfigurationList section */
	};
	rootObject = B0500EE81FA018310073EBB1 /* Project object */;
}
